// !$*UTF8*$!
{
	archiveVersion = 1;
	classes = {
	};
	objectVersion = 77;
	objects = {

/* Begin PBXContainerItemProxy section */
		D4E0E7CC2D6D58E5005CC3C6 /* PBXContainerItemProxy */ = {
			isa = PBXContainerItemProxy;
			containerPortal = D4E0E7B32D6D58E3005CC3C6 /* Project object */;
			proxyType = 1;
			remoteGlobalIDString = D4E0E7BA2D6D58E3005CC3C6;
			remoteInfo = Lumina;
		};
		D4E0E7D62D6D58E5005CC3C6 /* PBXContainerItemProxy */ = {
			isa = PBXContainerItemProxy;
			containerPortal = D4E0E7B32D6D58E3005CC3C6 /* Project object */;
			proxyType = 1;
			remoteGlobalIDString = D4E0E7BA2D6D58E3005CC3C6;
			remoteInfo = Lumina;
		};
/* End PBXContainerItemProxy section */

/* Begin PBXFileReference section */
		D4E0E7BB2D6D58E3005CC3C6 /* Lumina.app */ = {isa = PBXFileReference; explicitFileType = wrapper.application; includeInIndex = 0; path = Lumina.app; sourceTree = BUILT_PRODUCTS_DIR; };
		D4E0E7CB2D6D58E5005CC3C6 /* LuminaTests.xctest */ = {isa = PBXFileReference; explicitFileType = wrapper.cfbundle; includeInIndex = 0; path = LuminaTests.xctest; sourceTree = BUILT_PRODUCTS_DIR; };
		D4E0E7D52D6D58E5005CC3C6 /* LuminaUITests.xctest */ = {isa = PBXFileReference; explicitFileType = wrapper.cfbundle; includeInIndex = 0; path = LuminaUITests.xctest; sourceTree = BUILT_PRODUCTS_DIR; };
		D4E0E7ED2D6D5AEF005CC3C6 /* CLAUDE.md */ = {isa = PBXFileReference; lastKnownFileType = net.daringfireball.markdown; path = CLAUDE.md; sourceTree = "<group>"; };
/* End PBXFileReference section */

/* Begin PBXFileSystemSynchronizedRootGroup section */
		D4E0E7BD2D6D58E3005CC3C6 /* Lumina */ = {
			isa = PBXFileSystemSynchronizedRootGroup;
			path = Lumina;
			sourceTree = "<group>";
		};
		D4E0E7CE2D6D58E5005CC3C6 /* LuminaTests */ = {
			isa = PBXFileSystemSynchronizedRootGroup;
			path = LuminaTests;
			sourceTree = "<group>";
		};
		D4E0E7D82D6D58E5005CC3C6 /* LuminaUITests */ = {
			isa = PBXFileSystemSynchronizedRootGroup;
			path = LuminaUITests;
			sourceTree = "<group>";
		};
/* End PBXFileSystemSynchronizedRootGroup section */

/* Begin PBXFrameworksBuildPhase section */
		D4E0E7B82D6D58E3005CC3C6 /* Frameworks */ = {
			isa = PBXFrameworksBuildPhase;
			buildActionMask = 2147483647;
			files = (
			);
			runOnlyForDeploymentPostprocessing = 0;
		};
		D4E0E7C82D6D58E5005CC3C6 /* Frameworks */ = {
			isa = PBXFrameworksBuildPhase;
			buildActionMask = 2147483647;
			files = (
			);
			runOnlyForDeploymentPostprocessing = 0;
		};
		D4E0E7D22D6D58E5005CC3C6 /* Frameworks */ = {
			isa = PBXFrameworksBuildPhase;
			buildActionMask = 2147483647;
			files = (
			);
			runOnlyForDeploymentPostprocessing = 0;
		};
/* End PBXFrameworksBuildPhase section */

/* Begin PBXGroup section */
		D4E0E7B22D6D58E3005CC3C6 = {
			isa = PBXGroup;
			children = (
				D4E0E7BD2D6D58E3005CC3C6 /* Lumina */,
				D4E0E7CE2D6D58E5005CC3C6 /* LuminaTests */,
				D4E0E7D82D6D58E5005CC3C6 /* LuminaUITests */,
				D4E0E7BC2D6D58E3005CC3C6 /* Products */,
				D4E0E7ED2D6D5AEF005CC3C6 /* CLAUDE.md */,
			);
			sourceTree = "<group>";
		};
		D4E0E7BC2D6D58E3005CC3C6 /* Products */ = {
			isa = PBXGroup;
			children = (
				D4E0E7BB2D6D58E3005CC3C6 /* Lumina.app */,
				D4E0E7CB2D6D58E5005CC3C6 /* LuminaTests.xctest */,
				D4E0E7D52D6D58E5005CC3C6 /* LuminaUITests.xctest */,
			);
			name = Products;
			sourceTree = "<group>";
		};
/* End PBXGroup section */

/* Begin PBXNativeTarget section */
		D4E0E7BA2D6D58E3005CC3C6 /* Lumina */ = {
			isa = PBXNativeTarget;
			buildConfigurationList = D4E0E7DF2D6D58E5005CC3C6 /* Build configuration list for PBXNativeTarget "Lumina" */;
			buildPhases = (
				D4E0E7B72D6D58E3005CC3C6 /* Sources */,
				D4E0E7B82D6D58E3005CC3C6 /* Frameworks */,
				D4E0E7B92D6D58E3005CC3C6 /* Resources */,
			);
			buildRules = (
			);
			dependencies = (
			);
			fileSystemSynchronizedGroups = (
				D4E0E7BD2D6D58E3005CC3C6 /* Lumina */,
			);
			name = Lumina;
			packageProductDependencies = (
			);
			productName = Lumina;
			productReference = D4E0E7BB2D6D58E3005CC3C6 /* Lumina.app */;
			productType = "com.apple.product-type.application";
		};
		D4E0E7CA2D6D58E5005CC3C6 /* LuminaTests */ = {
			isa = PBXNativeTarget;
			buildConfigurationList = D4E0E7E22D6D58E5005CC3C6 /* Build configuration list for PBXNativeTarget "LuminaTests" */;
			buildPhases = (
				D4E0E7C72D6D58E5005CC3C6 /* Sources */,
				D4E0E7C82D6D58E5005CC3C6 /* Frameworks */,
				D4E0E7C92D6D58E5005CC3C6 /* Resources */,
			);
			buildRules = (
			);
			dependencies = (
				D4E0E7CD2D6D58E5005CC3C6 /* PBXTargetDependency */,
			);
			fileSystemSynchronizedGroups = (
				D4E0E7CE2D6D58E5005CC3C6 /* LuminaTests */,
			);
			name = LuminaTests;
			packageProductDependencies = (
			);
			productName = LuminaTests;
			productReference = D4E0E7CB2D6D58E5005CC3C6 /* LuminaTests.xctest */;
			productType = "com.apple.product-type.bundle.unit-test";
		};
		D4E0E7D42D6D58E5005CC3C6 /* LuminaUITests */ = {
			isa = PBXNativeTarget;
			buildConfigurationList = D4E0E7E52D6D58E5005CC3C6 /* Build configuration list for PBXNativeTarget "LuminaUITests" */;
			buildPhases = (
				D4E0E7D12D6D58E5005CC3C6 /* Sources */,
				D4E0E7D22D6D58E5005CC3C6 /* Frameworks */,
				D4E0E7D32D6D58E5005CC3C6 /* Resources */,
			);
			buildRules = (
			);
			dependencies = (
				D4E0E7D72D6D58E5005CC3C6 /* PBXTargetDependency */,
			);
			fileSystemSynchronizedGroups = (
				D4E0E7D82D6D58E5005CC3C6 /* LuminaUITests */,
			);
			name = LuminaUITests;
			packageProductDependencies = (
			);
			productName = LuminaUITests;
			productReference = D4E0E7D52D6D58E5005CC3C6 /* LuminaUITests.xctest */;
			productType = "com.apple.product-type.bundle.ui-testing";
		};
/* End PBXNativeTarget section */

/* Begin PBXProject section */
		D4E0E7B32D6D58E3005CC3C6 /* Project object */ = {
			isa = PBXProject;
			attributes = {
				BuildIndependentTargetsInParallel = 1;
				LastSwiftUpdateCheck = 1620;
				LastUpgradeCheck = 1620;
				TargetAttributes = {
					D4E0E7BA2D6D58E3005CC3C6 = {
						CreatedOnToolsVersion = 16.2;
					};
					D4E0E7CA2D6D58E5005CC3C6 = {
						CreatedOnToolsVersion = 16.2;
						TestTargetID = D4E0E7BA2D6D58E3005CC3C6;
					};
					D4E0E7D42D6D58E5005CC3C6 = {
						CreatedOnToolsVersion = 16.2;
						TestTargetID = D4E0E7BA2D6D58E3005CC3C6;
					};
				};
			};
			buildConfigurationList = D4E0E7B62D6D58E3005CC3C6 /* Build configuration list for PBXProject "Lumina" */;
			developmentRegion = en;
			hasScannedForEncodings = 0;
			knownRegions = (
				en,
				Base,
			);
			mainGroup = D4E0E7B22D6D58E3005CC3C6;
			minimizedProjectReferenceProxies = 1;
			preferredProjectObjectVersion = 77;
			productRefGroup = D4E0E7BC2D6D58E3005CC3C6 /* Products */;
			projectDirPath = "";
			projectRoot = "";
			targets = (
				D4E0E7BA2D6D58E3005CC3C6 /* Lumina */,
				D4E0E7CA2D6D58E5005CC3C6 /* LuminaTests */,
				D4E0E7D42D6D58E5005CC3C6 /* LuminaUITests */,
			);
		};
/* End PBXProject section */

/* Begin PBXResourcesBuildPhase section */
		D4E0E7B92D6D58E3005CC3C6 /* Resources */ = {
			isa = PBXResourcesBuildPhase;
			buildActionMask = 2147483647;
			files = (
			);
			runOnlyForDeploymentPostprocessing = 0;
		};
		D4E0E7C92D6D58E5005CC3C6 /* Resources */ = {
			isa = PBXResourcesBuildPhase;
			buildActionMask = 2147483647;
			files = (
			);
			runOnlyForDeploymentPostprocessing = 0;
		};
		D4E0E7D32D6D58E5005CC3C6 /* Resources */ = {
			isa = PBXResourcesBuildPhase;
			buildActionMask = 2147483647;
			files = (
			);
			runOnlyForDeploymentPostprocessing = 0;
		};
/* End PBXResourcesBuildPhase section */

/* Begin PBXSourcesBuildPhase section */
		D4E0E7B72D6D58E3005CC3C6 /* Sources */ = {
			isa = PBXSourcesBuildPhase;
			buildActionMask = 2147483647;
			files = (
			);
			runOnlyForDeploymentPostprocessing = 0;
		};
		D4E0E7C72D6D58E5005CC3C6 /* Sources */ = {
			isa = PBXSourcesBuildPhase;
			buildActionMask = 2147483647;
			files = (
			);
			runOnlyForDeploymentPostprocessing = 0;
		};
		D4E0E7D12D6D58E5005CC3C6 /* Sources */ = {
			isa = PBXSourcesBuildPhase;
			buildActionMask = 2147483647;
			files = (
			);
			runOnlyForDeploymentPostprocessing = 0;
		};
/* End PBXSourcesBuildPhase section */

/* Begin PBXTargetDependency section */
		D4E0E7CD2D6D58E5005CC3C6 /* PBXTargetDependency */ = {
			isa = PBXTargetDependency;
			target = D4E0E7BA2D6D58E3005CC3C6 /* Lumina */;
			targetProxy = D4E0E7CC2D6D58E5005CC3C6 /* PBXContainerItemProxy */;
		};
		D4E0E7D72D6D58E5005CC3C6 /* PBXTargetDependency */ = {
			isa = PBXTargetDependency;
			target = D4E0E7BA2D6D58E3005CC3C6 /* Lumina */;
			targetProxy = D4E0E7D62D6D58E5005CC3C6 /* PBXContainerItemProxy */;
		};
/* End PBXTargetDependency section */

/* Begin XCBuildConfiguration section */
		D4E0E7DD2D6D58E5005CC3C6 /* Debug */ = {
			isa = XCBuildConfiguration;
			buildSettings = {
				ALWAYS_SEARCH_USER_PATHS = NO;
				ASSETCATALOG_COMPILER_GENERATE_SWIFT_ASSET_SYMBOL_EXTENSIONS = YES;
				CLANG_ANALYZER_NONNULL = YES;
				CLANG_ANALYZER_NUMBER_OBJECT_CONVERSION = YES_AGGRESSIVE;
				CLANG_CXX_LANGUAGE_STANDARD = "gnu++20";
				CLANG_ENABLE_MODULES = YES;
				CLANG_ENABLE_OBJC_ARC = YES;
				CLANG_ENABLE_OBJC_WEAK = YES;
				CLANG_WARN_BLOCK_CAPTURE_AUTORELEASING = YES;
				CLANG_WARN_BOOL_CONVERSION = YES;
				CLANG_WARN_COMMA = YES;
				CLANG_WARN_CONSTANT_CONVERSION = YES;
				CLANG_WARN_DEPRECATED_OBJC_IMPLEMENTATIONS = YES;
				CLANG_WARN_DIRECT_OBJC_ISA_USAGE = YES_ERROR;
				CLANG_WARN_DOCUMENTATION_COMMENTS = YES;
				CLANG_WARN_EMPTY_BODY = YES;
				CLANG_WARN_ENUM_CONVERSION = YES;
				CLANG_WARN_INFINITE_RECURSION = YES;
				CLANG_WARN_INT_CONVERSION = YES;
				CLANG_WARN_NON_LITERAL_NULL_CONVERSION = YES;
				CLANG_WARN_OBJC_IMPLICIT_RETAIN_SELF = YES;
				CLANG_WARN_OBJC_LITERAL_CONVERSION = YES;
				CLANG_WARN_OBJC_ROOT_CLASS = YES_ERROR;
				CLANG_WARN_QUOTED_INCLUDE_IN_FRAMEWORK_HEADER = YES;
				CLANG_WARN_RANGE_LOOP_ANALYSIS = YES;
				CLANG_WARN_STRICT_PROTOTYPES = YES;
				CLANG_WARN_SUSPICIOUS_MOVE = YES;
				CLANG_WARN_UNGUARDED_AVAILABILITY = YES_AGGRESSIVE;
				CLANG_WARN_UNREACHABLE_CODE = YES;
				CLANG_WARN__DUPLICATE_METHOD_MATCH = YES;
				COPY_PHASE_STRIP = NO;
				DEBUG_INFORMATION_FORMAT = dwarf;
				ENABLE_STRICT_OBJC_MSGSEND = YES;
				ENABLE_TESTABILITY = YES;
				ENABLE_USER_SCRIPT_SANDBOXING = YES;
				GCC_C_LANGUAGE_STANDARD = gnu17;
				GCC_DYNAMIC_NO_PIC = NO;
				GCC_NO_COMMON_BLOCKS = YES;
				GCC_OPTIMIZATION_LEVEL = 0;
				GCC_PREPROCESSOR_DEFINITIONS = (
					"DEBUG=1",
					"$(inherited)",
				);
				GCC_WARN_64_TO_32_BIT_CONVERSION = YES;
				GCC_WARN_ABOUT_RETURN_TYPE = YES_ERROR;
				GCC_WARN_UNDECLARED_SELECTOR = YES;
				GCC_WARN_UNINITIALIZED_AUTOS = YES_AGGRESSIVE;
				GCC_WARN_UNUSED_FUNCTION = YES;
				GCC_WARN_UNUSED_VARIABLE = YES;
				IPHONEOS_DEPLOYMENT_TARGET = 18.2;
				LOCALIZATION_PREFERS_STRING_CATALOGS = YES;
				MTL_ENABLE_DEBUG_INFO = INCLUDE_SOURCE;
				MTL_FAST_MATH = YES;
				ONLY_ACTIVE_ARCH = YES;
				SDKROOT = iphoneos;
				SWIFT_ACTIVE_COMPILATION_CONDITIONS = "DEBUG $(inherited)";
				SWIFT_OPTIMIZATION_LEVEL = "-Onone";
			};
			name = Debug;
		};
		D4E0E7DE2D6D58E5005CC3C6 /* Release */ = {
			isa = XCBuildConfiguration;
			buildSettings = {
				ALWAYS_SEARCH_USER_PATHS = NO;
				ASSETCATALOG_COMPILER_GENERATE_SWIFT_ASSET_SYMBOL_EXTENSIONS = YES;
				CLANG_ANALYZER_NONNULL = YES;
				CLANG_ANALYZER_NUMBER_OBJECT_CONVERSION = YES_AGGRESSIVE;
				CLANG_CXX_LANGUAGE_STANDARD = "gnu++20";
				CLANG_ENABLE_MODULES = YES;
				CLANG_ENABLE_OBJC_ARC = YES;
				CLANG_ENABLE_OBJC_WEAK = YES;
				CLANG_WARN_BLOCK_CAPTURE_AUTORELEASING = YES;
				CLANG_WARN_BOOL_CONVERSION = YES;
				CLANG_WARN_COMMA = YES;
				CLANG_WARN_CONSTANT_CONVERSION = YES;
				CLANG_WARN_DEPRECATED_OBJC_IMPLEMENTATIONS = YES;
				CLANG_WARN_DIRECT_OBJC_ISA_USAGE = YES_ERROR;
				CLANG_WARN_DOCUMENTATION_COMMENTS = YES;
				CLANG_WARN_EMPTY_BODY = YES;
				CLANG_WARN_ENUM_CONVERSION = YES;
				CLANG_WARN_INFINITE_RECURSION = YES;
				CLANG_WARN_INT_CONVERSION = YES;
				CLANG_WARN_NON_LITERAL_NULL_CONVERSION = YES;
				CLANG_WARN_OBJC_IMPLICIT_RETAIN_SELF = YES;
				CLANG_WARN_OBJC_LITERAL_CONVERSION = YES;
				CLANG_WARN_OBJC_ROOT_CLASS = YES_ERROR;
				CLANG_WARN_QUOTED_INCLUDE_IN_FRAMEWORK_HEADER = YES;
				CLANG_WARN_RANGE_LOOP_ANALYSIS = YES;
				CLANG_WARN_STRICT_PROTOTYPES = YES;
				CLANG_WARN_SUSPICIOUS_MOVE = YES;
				CLANG_WARN_UNGUARDED_AVAILABILITY = YES_AGGRESSIVE;
				CLANG_WARN_UNREACHABLE_CODE = YES;
				CLANG_WARN__DUPLICATE_METHOD_MATCH = YES;
				COPY_PHASE_STRIP = NO;
				DEBUG_INFORMATION_FORMAT = "dwarf-with-dsym";
				ENABLE_NS_ASSERTIONS = NO;
				ENABLE_STRICT_OBJC_MSGSEND = YES;
				ENABLE_USER_SCRIPT_SANDBOXING = YES;
				GCC_C_LANGUAGE_STANDARD = gnu17;
				GCC_NO_COMMON_BLOCKS = YES;
				GCC_WARN_64_TO_32_BIT_CONVERSION = YES;
				GCC_WARN_ABOUT_RETURN_TYPE = YES_ERROR;
				GCC_WARN_UNDECLARED_SELECTOR = YES;
				GCC_WARN_UNINITIALIZED_AUTOS = YES_AGGRESSIVE;
				GCC_WARN_UNUSED_FUNCTION = YES;
				GCC_WARN_UNUSED_VARIABLE = YES;
				IPHONEOS_DEPLOYMENT_TARGET = 18.2;
				LOCALIZATION_PREFERS_STRING_CATALOGS = YES;
				MTL_ENABLE_DEBUG_INFO = NO;
				MTL_FAST_MATH = YES;
				SDKROOT = iphoneos;
				SWIFT_COMPILATION_MODE = wholemodule;
				VALIDATE_PRODUCT = YES;
			};
			name = Release;
		};
		D4E0E7E02D6D58E5005CC3C6 /* Debug */ = {
			isa = XCBuildConfiguration;
			buildSettings = {
				ASSETCATALOG_COMPILER_APPICON_NAME = AppIcon;
				ASSETCATALOG_COMPILER_GLOBAL_ACCENT_COLOR_NAME = AccentColor;
				CODE_SIGN_ENTITLEMENTS = Lumina/Lumina.entitlements;
				CODE_SIGN_STYLE = Automatic;
				CURRENT_PROJECT_VERSION = 1;
				DEVELOPMENT_ASSET_PATHS = "\"Lumina/Application/Main/Preview Content\"";
				DEVELOPMENT_TEAM = G92MFAN3ZT;
				ENABLE_PREVIEWS = YES;
				GENERATE_INFOPLIST_FILE = YES;
				INFOPLIST_KEY_CFBundleDisplayName = Lumina;
				INFOPLIST_KEY_LSApplicationCategoryType = "public.app-category.utilities";
				INFOPLIST_KEY_UIApplicationSceneManifest_Generation = YES;
				INFOPLIST_KEY_UIApplicationSupportsIndirectInputEvents = YES;
				INFOPLIST_KEY_UILaunchScreen_Generation = YES;
				INFOPLIST_KEY_UISupportedInterfaceOrientations_iPad = "UIInterfaceOrientationPortrait UIInterfaceOrientationPortraitUpsideDown UIInterfaceOrientationLandscapeLeft UIInterfaceOrientationLandscapeRight";
				INFOPLIST_KEY_UISupportedInterfaceOrientations_iPhone = "UIInterfaceOrientationPortrait UIInterfaceOrientationLandscapeLeft UIInterfaceOrientationLandscapeRight";
				LD_RUNPATH_SEARCH_PATHS = (
					"$(inherited)",
					"@executable_path/Frameworks",
				);
				MARKETING_VERSION = 1.0;
				PRODUCT_BUNDLE_IDENTIFIER = org.weisssolutions.Lumina;
				PRODUCT_NAME = "$(TARGET_NAME)";
				SWIFT_EMIT_LOC_STRINGS = YES;
				SWIFT_VERSION = 5.0;
				TARGETED_DEVICE_FAMILY = "1,2";
			};
			name = Debug;
		};
		D4E0E7E12D6D58E5005CC3C6 /* Release */ = {
			isa = XCBuildConfiguration;
			buildSettings = {
				ASSETCATALOG_COMPILER_APPICON_NAME = AppIcon;
				ASSETCATALOG_COMPILER_GLOBAL_ACCENT_COLOR_NAME = AccentColor;
				CODE_SIGN_ENTITLEMENTS = Lumina/Lumina.entitlements;
				CODE_SIGN_STYLE = Automatic;
				CURRENT_PROJECT_VERSION = 1;
				DEVELOPMENT_ASSET_PATHS = "\"Lumina/Application/Main/Preview Content\"";
				DEVELOPMENT_TEAM = G92MFAN3ZT;
				ENABLE_PREVIEWS = YES;
				GENERATE_INFOPLIST_FILE = YES;
				INFOPLIST_KEY_CFBundleDisplayName = Lumina;
				INFOPLIST_KEY_LSApplicationCategoryType = "public.app-category.utilities";
				INFOPLIST_KEY_UIApplicationSceneManifest_Generation = YES;
				INFOPLIST_KEY_UIApplicationSupportsIndirectInputEvents = YES;
				INFOPLIST_KEY_UILaunchScreen_Generation = YES;
				INFOPLIST_KEY_UISupportedInterfaceOrientations_iPad = "UIInterfaceOrientationPortrait UIInterfaceOrientationPortraitUpsideDown UIInterfaceOrientationLandscapeLeft UIInterfaceOrientationLandscapeRight";
				INFOPLIST_KEY_UISupportedInterfaceOrientations_iPhone = "UIInterfaceOrientationPortrait UIInterfaceOrientationLandscapeLeft UIInterfaceOrientationLandscapeRight";
				LD_RUNPATH_SEARCH_PATHS = (
					"$(inherited)",
					"@executable_path/Frameworks",
				);
				MARKETING_VERSION = 1.0;
				PRODUCT_BUNDLE_IDENTIFIER = org.weisssolutions.Lumina;
				PRODUCT_NAME = "$(TARGET_NAME)";
				SWIFT_EMIT_LOC_STRINGS = YES;
				SWIFT_VERSION = 5.0;
				TARGETED_DEVICE_FAMILY = "1,2";
			};
			name = Release;
		};
		D4E0E7E32D6D58E5005CC3C6 /* Debug */ = {
			isa = XCBuildConfiguration;
			buildSettings = {
				BUNDLE_LOADER = "$(TEST_HOST)";
				CODE_SIGN_STYLE = Automatic;
				CURRENT_PROJECT_VERSION = 1;
				DEVELOPMENT_TEAM = G92MFAN3ZT;
				GENERATE_INFOPLIST_FILE = YES;
				IPHONEOS_DEPLOYMENT_TARGET = 18.2;
				MARKETING_VERSION = 1.0;
				PRODUCT_BUNDLE_IDENTIFIER = org.weisssolutions.LuminaTests;
				PRODUCT_NAME = "$(TARGET_NAME)";
				SWIFT_EMIT_LOC_STRINGS = NO;
				SWIFT_VERSION = 5.0;
				TARGETED_DEVICE_FAMILY = "1,2";
				TEST_HOST = "$(BUILT_PRODUCTS_DIR)/Lumina.app/$(BUNDLE_EXECUTABLE_FOLDER_PATH)/Lumina";
			};
			name = Debug;
		};
		D4E0E7E42D6D58E5005CC3C6 /* Release */ = {
			isa = XCBuildConfiguration;
			buildSettings = {
				BUNDLE_LOADER = "$(TEST_HOST)";
				CODE_SIGN_STYLE = Automatic;
				CURRENT_PROJECT_VERSION = 1;
				DEVELOPMENT_TEAM = G92MFAN3ZT;
				GENERATE_INFOPLIST_FILE = YES;
				IPHONEOS_DEPLOYMENT_TARGET = 18.2;
				MARKETING_VERSION = 1.0;
				PRODUCT_BUNDLE_IDENTIFIER = org.weisssolutions.LuminaTests;
				PRODUCT_NAME = "$(TARGET_NAME)";
				SWIFT_EMIT_LOC_STRINGS = NO;
				SWIFT_VERSION = 5.0;
				TARGETED_DEVICE_FAMILY = "1,2";
				TEST_HOST = "$(BUILT_PRODUCTS_DIR)/Lumina.app/$(BUNDLE_EXECUTABLE_FOLDER_PATH)/Lumina";
			};
			name = Release;
		};
		D4E0E7E62D6D58E5005CC3C6 /* Debug */ = {
			isa = XCBuildConfiguration;
			buildSettings = {
				CODE_SIGN_STYLE = Automatic;
				CURRENT_PROJECT_VERSION = 1;
				DEVELOPMENT_TEAM = G92MFAN3ZT;
				GENERATE_INFOPLIST_FILE = YES;
				MARKETING_VERSION = 1.0;
				PRODUCT_BUNDLE_IDENTIFIER = org.weisssolutions.LuminaUITests;
				PRODUCT_NAME = "$(TARGET_NAME)";
				SWIFT_EMIT_LOC_STRINGS = NO;
				SWIFT_VERSION = 5.0;
				TARGETED_DEVICE_FAMILY = "1,2";
				TEST_TARGET_NAME = Lumina;
			};
			name = Debug;
		};
		D4E0E7E72D6D58E5005CC3C6 /* Release */ = {
			isa = XCBuildConfiguration;
			buildSettings = {
				CODE_SIGN_STYLE = Automatic;
				CURRENT_PROJECT_VERSION = 1;
				DEVELOPMENT_TEAM = G92MFAN3ZT;
				GENERATE_INFOPLIST_FILE = YES;
				MARKETING_VERSION = 1.0;
				PRODUCT_BUNDLE_IDENTIFIER = org.weisssolutions.LuminaUITests;
				PRODUCT_NAME = "$(TARGET_NAME)";
				SWIFT_EMIT_LOC_STRINGS = NO;
				SWIFT_VERSION = 5.0;
				TARGETED_DEVICE_FAMILY = "1,2";
				TEST_TARGET_NAME = Lumina;
			};
			name = Release;
		};
/* End XCBuildConfiguration section */

/* Begin XCConfigurationList section */
		D4E0E7B62D6D58E3005CC3C6 /* Build configuration list for PBXProject "Lumina" */ = {
			isa = XCConfigurationList;
			buildConfigurations = (
				D4E0E7DD2D6D58E5005CC3C6 /* Debug */,
				D4E0E7DE2D6D58E5005CC3C6 /* Release */,
			);
			defaultConfigurationIsVisible = 0;
			defaultConfigurationName = Release;
		};
		D4E0E7DF2D6D58E5005CC3C6 /* Build configuration list for PBXNativeTarget "Lumina" */ = {
			isa = XCConfigurationList;
			buildConfigurations = (
				D4E0E7E02D6D58E5005CC3C6 /* Debug */,
				D4E0E7E12D6D58E5005CC3C6 /* Release */,
			);
			defaultConfigurationIsVisible = 0;
			defaultConfigurationName = Release;
		};
		D4E0E7E22D6D58E5005CC3C6 /* Build configuration list for PBXNativeTarget "LuminaTests" */ = {
			isa = XCConfigurationList;
			buildConfigurations = (
				D4E0E7E32D6D58E5005CC3C6 /* Debug */,
				D4E0E7E42D6D58E5005CC3C6 /* Release */,
			);
			defaultConfigurationIsVisible = 0;
			defaultConfigurationName = Release;
		};
		D4E0E7E52D6D58E5005CC3C6 /* Build configuration list for PBXNativeTarget "LuminaUITests" */ = {
			isa = XCConfigurationList;
			buildConfigurations = (
				D4E0E7E62D6D58E5005CC3C6 /* Debug */,
				D4E0E7E72D6D58E5005CC3C6 /* Release */,
			);
			defaultConfigurationIsVisible = 0;
			defaultConfigurationName = Release;
		};
/* End XCConfigurationList section */
	};
	rootObject = D4E0E7B32D6D58E3005CC3C6 /* Project object */;
}
